{
  "nodes": {
    "flakeNimbleLib": {
      "inputs": {
        "nixpkgs": [
          "nixpkgs"
        ]
      },
      "locked": {
        "lastModified": 1646967037,
        "narHash": "sha256-BoEqkGzLVnFICrF15wczZJrfF1vMVngRzF5cEgFzdzU=",
        "owner": "riinr",
        "repo": "nim-flakes-lib",
        "rev": "028e7596fdb918b72a295d220d48417ab2f5dfd1",
        "type": "github"
      },
      "original": {
        "owner": "riinr",
        "ref": "master",
        "repo": "nim-flakes-lib",
        "type": "github"
      }
    },
    "nixpkgs": {
      "locked": {
        "narHash": "sha256-+8mazL4KLh6VltXYJc5+QFA5Q1i+Uh/TadRl9/+qcx8=",
        "path": "/nix/store/gddrvlqs5qf1bp3kc80gp3qg5vm8kj76-source",
        "type": "path"
      },
      "original": {
        "id": "nixpkgs",
        "type": "indirect"
      }
    },
    "root": {
      "inputs": {
        "flakeNimbleLib": "flakeNimbleLib",
        "nixpkgs": "nixpkgs",
        "zmq-master": "zmq-master",
        "zmq-v0_2_2": "zmq-v0_2_2",
        "zmq-v0_3_1": "zmq-v0_3_1",
        "zmq-v0_3_4": "zmq-v0_3_4",
        "zmq-v1_0_1": "zmq-v1_0_1",
        "zmq-v1_2_0": "zmq-v1_2_0",
        "zmq-v1_2_1": "zmq-v1_2_1"
      }
    },
    "src-zmq-master": {
      "flake": false,
      "locked": {
        "lastModified": 1629491723,
        "narHash": "sha256-oV5kN9kMYCGao6iMblm/fZng4FQr6MnVEzxvEJN6Ds8=",
        "owner": "nim-lang",
        "repo": "nim-zmq",
        "rev": "d9c13f7a598915ccaaba23d719afbcfcc5ec7ab7",
        "type": "github"
      },
      "original": {
        "owner": "nim-lang",
        "ref": "refs/heads/master",
        "repo": "nim-zmq",
        "type": "github"
      }
    },
    "src-zmq-v0_2_2": {
      "flake": false,
      "locked": {
        "lastModified": 1541343194,
        "narHash": "sha256-Dyy1YtPdz6Edcuri7pljR6qIaaDjAaTkuCV/XVnvzsc=",
        "owner": "nim-lang",
        "repo": "nim-zmq",
        "rev": "a14129c36e579aa9d4434054625c2258748f4c60",
        "type": "github"
      },
      "original": {
        "owner": "nim-lang",
        "ref": "refs/tags/v0.2.2",
        "repo": "nim-zmq",
        "type": "github"
      }
    },
    "src-zmq-v0_3_1": {
      "flake": false,
      "locked": {
        "lastModified": 1588100230,
        "narHash": "sha256-RQPs87IsM1WKuVnLvAgHoJS5mjlBiOlFkzKffLjt5+M=",
        "owner": "nim-lang",
        "repo": "nim-zmq",
        "rev": "261fa7043acdd3bed142e0c586609d9a198b33d3",
        "type": "github"
      },
      "original": {
        "owner": "nim-lang",
        "ref": "refs/tags/v0.3.1",
        "repo": "nim-zmq",
        "type": "github"
      }
    },
    "src-zmq-v0_3_4": {
      "flake": false,
      "locked": {
        "lastModified": 1601575201,
        "narHash": "sha256-abN8VWSt4TpSuzmi505XhvU5d0kpWXpCKOHMsrd4PHU=",
        "owner": "nim-lang",
        "repo": "nim-zmq",
        "rev": "f650fce6d25503a7bf45319573751120456c0847",
        "type": "github"
      },
      "original": {
        "owner": "nim-lang",
        "ref": "refs/tags/v0.3.4",
        "repo": "nim-zmq",
        "type": "github"
      }
    },
    "src-zmq-v1_0_1": {
      "flake": false,
      "locked": {
        "lastModified": 1616524036,
        "narHash": "sha256-86+P/NW0pZVv/03+m7kMGB0fyPE2Co+WfR0ex6aFckQ=",
        "owner": "nim-lang",
        "repo": "nim-zmq",
        "rev": "5daedf04f2a25c12c847ae0db1ce01afe4bc6c32",
        "type": "github"
      },
      "original": {
        "owner": "nim-lang",
        "ref": "refs/tags/v1.0.1",
        "repo": "nim-zmq",
        "type": "github"
      }
    },
    "src-zmq-v1_2_0": {
      "flake": false,
      "locked": {
        "lastModified": 1628675943,
        "narHash": "sha256-kBrMFW835pVP2K1qVkmBHde6INe+djqjRZHN+Zh3CXw=",
        "owner": "nim-lang",
        "repo": "nim-zmq",
        "rev": "fd98938cba827e3e199f4e6b687e0d634d1d57db",
        "type": "github"
      },
      "original": {
        "owner": "nim-lang",
        "ref": "refs/tags/v1.2.0",
        "repo": "nim-zmq",
        "type": "github"
      }
    },
    "src-zmq-v1_2_1": {
      "flake": false,
      "locked": {
        "lastModified": 1629491723,
        "narHash": "sha256-oV5kN9kMYCGao6iMblm/fZng4FQr6MnVEzxvEJN6Ds8=",
        "owner": "nim-lang",
        "repo": "nim-zmq",
        "rev": "d9c13f7a598915ccaaba23d719afbcfcc5ec7ab7",
        "type": "github"
      },
      "original": {
        "owner": "nim-lang",
        "ref": "refs/tags/v1.2.1",
        "repo": "nim-zmq",
        "type": "github"
      }
    },
    "zmq-master": {
      "inputs": {
        "flakeNimbleLib": [
          "flakeNimbleLib"
        ],
        "nixpkgs": [
          "nixpkgs"
        ],
        "src-zmq-master": "src-zmq-master"
      },
      "locked": {
        "dir": "master",
        "lastModified": 1647311575,
        "narHash": "sha256-2oFxe+n0izBXWBYYUwHKN8Q2t9mIEhbpsxpjmPzTyj8=",
        "owner": "nim-nix-pkgs",
        "repo": "zmq",
        "rev": "91e4c6fa2325083901c82dfb9f70455b304f1325",
        "type": "github"
      },
      "original": {
        "dir": "master",
        "owner": "nim-nix-pkgs",
        "ref": "master",
        "repo": "zmq",
        "type": "github"
      }
    },
    "zmq-v0_2_2": {
      "inputs": {
        "flakeNimbleLib": [
          "flakeNimbleLib"
        ],
        "nixpkgs": [
          "nixpkgs"
        ],
        "src-zmq-v0_2_2": "src-zmq-v0_2_2"
      },
      "locked": {
        "dir": "v0_2_2",
        "lastModified": 1647311575,
        "narHash": "sha256-2oFxe+n0izBXWBYYUwHKN8Q2t9mIEhbpsxpjmPzTyj8=",
        "owner": "nim-nix-pkgs",
        "repo": "zmq",
        "rev": "91e4c6fa2325083901c82dfb9f70455b304f1325",
        "type": "github"
      },
      "original": {
        "dir": "v0_2_2",
        "owner": "nim-nix-pkgs",
        "ref": "master",
        "repo": "zmq",
        "type": "github"
      }
    },
    "zmq-v0_3_1": {
      "inputs": {
        "flakeNimbleLib": [
          "flakeNimbleLib"
        ],
        "nixpkgs": [
          "nixpkgs"
        ],
        "src-zmq-v0_3_1": "src-zmq-v0_3_1"
      },
      "locked": {
        "dir": "v0_3_1",
        "lastModified": 1647311575,
        "narHash": "sha256-2oFxe+n0izBXWBYYUwHKN8Q2t9mIEhbpsxpjmPzTyj8=",
        "owner": "nim-nix-pkgs",
        "repo": "zmq",
        "rev": "91e4c6fa2325083901c82dfb9f70455b304f1325",
        "type": "github"
      },
      "original": {
        "dir": "v0_3_1",
        "owner": "nim-nix-pkgs",
        "ref": "master",
        "repo": "zmq",
        "type": "github"
      }
    },
    "zmq-v0_3_4": {
      "inputs": {
        "flakeNimbleLib": [
          "flakeNimbleLib"
        ],
        "nixpkgs": [
          "nixpkgs"
        ],
        "src-zmq-v0_3_4": "src-zmq-v0_3_4"
      },
      "locked": {
        "dir": "v0_3_4",
        "lastModified": 1647311575,
        "narHash": "sha256-2oFxe+n0izBXWBYYUwHKN8Q2t9mIEhbpsxpjmPzTyj8=",
        "owner": "nim-nix-pkgs",
        "repo": "zmq",
        "rev": "91e4c6fa2325083901c82dfb9f70455b304f1325",
        "type": "github"
      },
      "original": {
        "dir": "v0_3_4",
        "owner": "nim-nix-pkgs",
        "ref": "master",
        "repo": "zmq",
        "type": "github"
      }
    },
    "zmq-v1_0_1": {
      "inputs": {
        "flakeNimbleLib": [
          "flakeNimbleLib"
        ],
        "nixpkgs": [
          "nixpkgs"
        ],
        "src-zmq-v1_0_1": "src-zmq-v1_0_1"
      },
      "locked": {
        "dir": "v1_0_1",
        "lastModified": 1647311575,
        "narHash": "sha256-2oFxe+n0izBXWBYYUwHKN8Q2t9mIEhbpsxpjmPzTyj8=",
        "owner": "nim-nix-pkgs",
        "repo": "zmq",
        "rev": "91e4c6fa2325083901c82dfb9f70455b304f1325",
        "type": "github"
      },
      "original": {
        "dir": "v1_0_1",
        "owner": "nim-nix-pkgs",
        "ref": "master",
        "repo": "zmq",
        "type": "github"
      }
    },
    "zmq-v1_2_0": {
      "inputs": {
        "flakeNimbleLib": [
          "flakeNimbleLib"
        ],
        "nixpkgs": [
          "nixpkgs"
        ],
        "src-zmq-v1_2_0": "src-zmq-v1_2_0"
      },
      "locked": {
        "dir": "v1_2_0",
        "lastModified": 1647311575,
        "narHash": "sha256-2oFxe+n0izBXWBYYUwHKN8Q2t9mIEhbpsxpjmPzTyj8=",
        "owner": "nim-nix-pkgs",
        "repo": "zmq",
        "rev": "91e4c6fa2325083901c82dfb9f70455b304f1325",
        "type": "github"
      },
      "original": {
        "dir": "v1_2_0",
        "owner": "nim-nix-pkgs",
        "ref": "master",
        "repo": "zmq",
        "type": "github"
      }
    },
    "zmq-v1_2_1": {
      "inputs": {
        "flakeNimbleLib": [
          "flakeNimbleLib"
        ],
        "nixpkgs": [
          "nixpkgs"
        ],
        "src-zmq-v1_2_1": "src-zmq-v1_2_1"
      },
      "locked": {
        "dir": "v1_2_1",
        "lastModified": 1647311575,
        "narHash": "sha256-2oFxe+n0izBXWBYYUwHKN8Q2t9mIEhbpsxpjmPzTyj8=",
        "owner": "nim-nix-pkgs",
        "repo": "zmq",
        "rev": "91e4c6fa2325083901c82dfb9f70455b304f1325",
        "type": "github"
      },
      "original": {
        "dir": "v1_2_1",
        "owner": "nim-nix-pkgs",
        "ref": "master",
        "repo": "zmq",
        "type": "github"
      }
    }
  },
  "root": "root",
  "version": 7
}
