{
  "nodes": {
    "flakeNimbleLib": {
      "inputs": {
        "nixpkgs": [
          "nixpkgs"
        ]
      },
      "locked": {
        "lastModified": 1662018438,
        "narHash": "sha256-QtNtU6+LX3Wokxf0zlFwKTFOcn6TeDjKQZ+DA9OYtvM=",
        "owner": "riinr",
        "repo": "nim-flakes-lib",
        "rev": "b1fe8340736e3a85d25c709ac3dfd82a55c03cbf",
        "type": "github"
      },
      "original": {
        "owner": "riinr",
        "ref": "master",
        "repo": "nim-flakes-lib",
        "type": "github"
      }
    },
    "nixpkgs": {
      "locked": {
        "lastModified": 0,
        "narHash": "sha256-ajXYYTE1uoY3ei/P1v+Knklf2QNCBxMtw1gByaPTGU4=",
        "path": "/nix/store/l9gfyh4wh4yrv0m9is00x82ba0synxgb-source",
        "type": "path"
      },
      "original": {
        "id": "nixpkgs",
        "type": "indirect"
      }
    },
    "root": {
      "inputs": {
        "flakeNimbleLib": "flakeNimbleLib",
        "nixpkgs": "nixpkgs",
        "src-zmq-master": "src-zmq-master"
      }
    },
    "src-zmq-master": {
      "flake": false,
      "locked": {
        "lastModified": 1647962281,
        "narHash": "sha256-BUM7rhvArynvfnKi3fqYRAEJopHTqvsG8cUTANvYoT8=",
        "owner": "nim-lang",
        "repo": "nim-zmq",
        "rev": "c9d9814c1060daffcfbff3dbd9dd9c503af99c86",
        "type": "github"
      },
      "original": {
        "owner": "nim-lang",
        "ref": "refs/heads/master",
        "repo": "nim-zmq",
        "type": "github"
      }
    }
  },
  "root": "root",
  "version": 7
}
